
Microsoft Visual Studio Solution File, Format Version 12.00
# Visual Studio Version 17
VisualStudioVersion = 17.0.31903.59
MinimumVisualStudioVersion = 10.0.40219.1
Project("{9A19103F-16F7-4668-BE54-9A1E7A4F7556}") = "Generator", "Generator.csproj", "{FD638BA1-86DA-42A3-B579-A71D3E19B313}"
EndProject
Global
	GlobalSection(SolutionConfigurationPlatforms) = preSolution
		Debug|Any CPU = Debug|Any CPU
		Release|Any CPU = Release|Any CPU
	EndGlobalSection
	GlobalSection(ProjectConfigurationPlatforms) = postSolution
		{FD638BA1-86DA-42A3-B579-A71D3E19B313}.Debug|Any CPU.ActiveCfg = Debug|Any CPU
		{FD638BA1-86DA-42A3-B579-A71D3E19B313}.Debug|Any CPU.Build.0 = Debug|Any CPU
		{FD638BA1-86DA-42A3-B579-A71D3E19B313}.Release|Any CPU.ActiveCfg = Release|Any CPU
		{FD638BA1-86DA-42A3-B579-A71D3E19B313}.Release|Any CPU.Build.0 = Release|Any CPU
	EndGlobalSection
	GlobalSection(SolutionProperties) = preSolution
		HideSolutionNode = FALSE
	EndGlobalSection
	GlobalSection(ExtensibilityGlobals) = postSolution
		SolutionGuid = {3A7E408C-E1FD-4139-B2AC-BD2975BF0B28}
	EndGlobalSection
EndGlobal
